
Microsoft Visual Studio Solution File, Format Version 12.00
# Visual Studio Version 16
VisualStudioVersion = 16.0.31702.278
MinimumVisualStudioVersion = 10.0.40219.1
Project("{FAE04EC0-301F-11D3-BF4B-00C04F79EFBC}") = "Switches", "Switches\Switches.csproj", "{1C1FE92F-8238-4277-BB8A-F90B3578D7D0}"
EndProject
Global
	GlobalSection(SolutionConfigurationPlatforms) = preSolution
		Debug|Any CPU = Debug|Any CPU
		Release|Any CPU = Release|Any CPU
	EndGlobalSection
	GlobalSection(ProjectConfigurationPlatforms) = postSolution
		{1C1FE92F-8238-4277-BB8A-F90B3578D7D0}.Debug|Any CPU.ActiveCfg = Debug|Any CPU
		{1C1FE92F-8238-4277-BB8A-F90B3578D7D0}.Debug|Any CPU.Build.0 = Debug|Any CPU
		{1C1FE92F-8238-4277-BB8A-F90B3578D7D0}.Release|Any CPU.ActiveCfg = Release|Any CPU
		{1C1FE92F-8238-4277-BB8A-F90B3578D7D0}.Release|Any CPU.Build.0 = Release|Any CPU
	EndGlobalSection
	GlobalSection(SolutionProperties) = preSolution
		HideSolutionNode = FALSE
	EndGlobalSection
	GlobalSection(ExtensibilityGlobals) = postSolution
		SolutionGuid = {E6851BF8-05A3-48E8-B372-CABE13B8B92D}
	EndGlobalSection
EndGlobal
