
Microsoft Visual Studio Solution File, Format Version 12.00
# Visual Studio Version 16
VisualStudioVersion = 16.0.31702.278
MinimumVisualStudioVersion = 10.0.40219.1
Project("{FAE04EC0-301F-11D3-BF4B-00C04F79EFBC}") = "EnumsTutorial", "EnumsTutorial\EnumsTutorial.csproj", "{4DE7DE32-0092-4660-803A-B4AE1372A90C}"
EndProject
Global
	GlobalSection(SolutionConfigurationPlatforms) = preSolution
		Debug|Any CPU = Debug|Any CPU
		Release|Any CPU = Release|Any CPU
	EndGlobalSection
	GlobalSection(ProjectConfigurationPlatforms) = postSolution
		{4DE7DE32-0092-4660-803A-B4AE1372A90C}.Debug|Any CPU.ActiveCfg = Debug|Any CPU
		{4DE7DE32-0092-4660-803A-B4AE1372A90C}.Debug|Any CPU.Build.0 = Debug|Any CPU
		{4DE7DE32-0092-4660-803A-B4AE1372A90C}.Release|Any CPU.ActiveCfg = Release|Any CPU
		{4DE7DE32-0092-4660-803A-B4AE1372A90C}.Release|Any CPU.Build.0 = Release|Any CPU
	EndGlobalSection
	GlobalSection(SolutionProperties) = preSolution
		HideSolutionNode = FALSE
	EndGlobalSection
	GlobalSection(ExtensibilityGlobals) = postSolution
		SolutionGuid = {E4BDA1B6-9722-49D3-A0B8-A8D128376AB1}
	EndGlobalSection
EndGlobal
