
Microsoft Visual Studio Solution File, Format Version 12.00
# Visual Studio Version 16
VisualStudioVersion = 16.0.31702.278
MinimumVisualStudioVersion = 10.0.40219.1
Project("{FAE04EC0-301F-11D3-BF4B-00C04F79EFBC}") = "Objects", "Objects\Objects.csproj", "{968D8976-0A1B-4573-A571-BC5D522C0E0A}"
EndProject
Global
	GlobalSection(SolutionConfigurationPlatforms) = preSolution
		Debug|Any CPU = Debug|Any CPU
		Release|Any CPU = Release|Any CPU
	EndGlobalSection
	GlobalSection(ProjectConfigurationPlatforms) = postSolution
		{968D8976-0A1B-4573-A571-BC5D522C0E0A}.Debug|Any CPU.ActiveCfg = Debug|Any CPU
		{968D8976-0A1B-4573-A571-BC5D522C0E0A}.Debug|Any CPU.Build.0 = Debug|Any CPU
		{968D8976-0A1B-4573-A571-BC5D522C0E0A}.Release|Any CPU.ActiveCfg = Release|Any CPU
		{968D8976-0A1B-4573-A571-BC5D522C0E0A}.Release|Any CPU.Build.0 = Release|Any CPU
	EndGlobalSection
	GlobalSection(SolutionProperties) = preSolution
		HideSolutionNode = FALSE
	EndGlobalSection
	GlobalSection(ExtensibilityGlobals) = postSolution
		SolutionGuid = {55F144A3-3BFB-4A41-984C-1816F47403BA}
	EndGlobalSection
EndGlobal
