
Microsoft Visual Studio Solution File, Format Version 12.00
# Visual Studio Version 16
VisualStudioVersion = 16.0.31702.278
MinimumVisualStudioVersion = 10.0.40219.1
Project("{FAE04EC0-301F-11D3-BF4B-00C04F79EFBC}") = "PythagoreanTheorem", "PythagoreanTheorem\PythagoreanTheorem.csproj", "{6058A894-D380-4A92-B91F-92685775860A}"
EndProject
Global
	GlobalSection(SolutionConfigurationPlatforms) = preSolution
		Debug|Any CPU = Debug|Any CPU
		Release|Any CPU = Release|Any CPU
	EndGlobalSection
	GlobalSection(ProjectConfigurationPlatforms) = postSolution
		{6058A894-D380-4A92-B91F-92685775860A}.Debug|Any CPU.ActiveCfg = Debug|Any CPU
		{6058A894-D380-4A92-B91F-92685775860A}.Debug|Any CPU.Build.0 = Debug|Any CPU
		{6058A894-D380-4A92-B91F-92685775860A}.Release|Any CPU.ActiveCfg = Release|Any CPU
		{6058A894-D380-4A92-B91F-92685775860A}.Release|Any CPU.Build.0 = Release|Any CPU
	EndGlobalSection
	GlobalSection(SolutionProperties) = preSolution
		HideSolutionNode = FALSE
	EndGlobalSection
	GlobalSection(ExtensibilityGlobals) = postSolution
		SolutionGuid = {57C46067-FE49-4D42-9485-9445BB24AAEF}
	EndGlobalSection
EndGlobal
