
Microsoft Visual Studio Solution File, Format Version 12.00
# Visual Studio Version 16
VisualStudioVersion = 16.0.31702.278
MinimumVisualStudioVersion = 10.0.40219.1
Project("{FAE04EC0-301F-11D3-BF4B-00C04F79EFBC}") = "RandomNumbers", "RandomNumbers\RandomNumbers.csproj", "{8F422ABD-DA14-4C42-AA88-0ADD15951A6B}"
EndProject
Global
	GlobalSection(SolutionConfigurationPlatforms) = preSolution
		Debug|Any CPU = Debug|Any CPU
		Release|Any CPU = Release|Any CPU
	EndGlobalSection
	GlobalSection(ProjectConfigurationPlatforms) = postSolution
		{8F422ABD-DA14-4C42-AA88-0ADD15951A6B}.Debug|Any CPU.ActiveCfg = Debug|Any CPU
		{8F422ABD-DA14-4C42-AA88-0ADD15951A6B}.Debug|Any CPU.Build.0 = Debug|Any CPU
		{8F422ABD-DA14-4C42-AA88-0ADD15951A6B}.Release|Any CPU.ActiveCfg = Release|Any CPU
		{8F422ABD-DA14-4C42-AA88-0ADD15951A6B}.Release|Any CPU.Build.0 = Release|Any CPU
	EndGlobalSection
	GlobalSection(SolutionProperties) = preSolution
		HideSolutionNode = FALSE
	EndGlobalSection
	GlobalSection(ExtensibilityGlobals) = postSolution
		SolutionGuid = {258313A4-EF48-4E68-BF08-8A36C91CC228}
	EndGlobalSection
EndGlobal
