
Microsoft Visual Studio Solution File, Format Version 12.00
# Visual Studio Version 16
VisualStudioVersion = 16.0.31702.278
MinimumVisualStudioVersion = 10.0.40219.1
Project("{FAE04EC0-301F-11D3-BF4B-00C04F79EFBC}") = "Exceptions", "Exceptions\Exceptions.csproj", "{7A1445B1-EC22-44AB-8727-B4E801AF9968}"
EndProject
Global
	GlobalSection(SolutionConfigurationPlatforms) = preSolution
		Debug|Any CPU = Debug|Any CPU
		Release|Any CPU = Release|Any CPU
	EndGlobalSection
	GlobalSection(ProjectConfigurationPlatforms) = postSolution
		{7A1445B1-EC22-44AB-8727-B4E801AF9968}.Debug|Any CPU.ActiveCfg = Debug|Any CPU
		{7A1445B1-EC22-44AB-8727-B4E801AF9968}.Debug|Any CPU.Build.0 = Debug|Any CPU
		{7A1445B1-EC22-44AB-8727-B4E801AF9968}.Release|Any CPU.ActiveCfg = Release|Any CPU
		{7A1445B1-EC22-44AB-8727-B4E801AF9968}.Release|Any CPU.Build.0 = Release|Any CPU
	EndGlobalSection
	GlobalSection(SolutionProperties) = preSolution
		HideSolutionNode = FALSE
	EndGlobalSection
	GlobalSection(ExtensibilityGlobals) = postSolution
		SolutionGuid = {E30AB633-21DF-44B3-ABFE-0034BE787C14}
	EndGlobalSection
EndGlobal
