
Microsoft Visual Studio Solution File, Format Version 12.00
# Visual Studio Version 16
VisualStudioVersion = 16.0.31702.278
MinimumVisualStudioVersion = 10.0.40219.1
Project("{FAE04EC0-301F-11D3-BF4B-00C04F79EFBC}") = "Loops", "Loops\Loops.csproj", "{06C44C1B-12AE-432E-9C52-64F0FEE3C9ED}"
EndProject
Global
	GlobalSection(SolutionConfigurationPlatforms) = preSolution
		Debug|Any CPU = Debug|Any CPU
		Release|Any CPU = Release|Any CPU
	EndGlobalSection
	GlobalSection(ProjectConfigurationPlatforms) = postSolution
		{06C44C1B-12AE-432E-9C52-64F0FEE3C9ED}.Debug|Any CPU.ActiveCfg = Debug|Any CPU
		{06C44C1B-12AE-432E-9C52-64F0FEE3C9ED}.Debug|Any CPU.Build.0 = Debug|Any CPU
		{06C44C1B-12AE-432E-9C52-64F0FEE3C9ED}.Release|Any CPU.ActiveCfg = Release|Any CPU
		{06C44C1B-12AE-432E-9C52-64F0FEE3C9ED}.Release|Any CPU.Build.0 = Release|Any CPU
	EndGlobalSection
	GlobalSection(SolutionProperties) = preSolution
		HideSolutionNode = FALSE
	EndGlobalSection
	GlobalSection(ExtensibilityGlobals) = postSolution
		SolutionGuid = {C1D872EB-194D-4A46-B85E-75FA08441071}
	EndGlobalSection
EndGlobal
