
Microsoft Visual Studio Solution File, Format Version 12.00
# Visual Studio Version 16
VisualStudioVersion = 16.0.31702.278
MinimumVisualStudioVersion = 10.0.40219.1
Project("{FAE04EC0-301F-11D3-BF4B-00C04F79EFBC}") = "StaticTutorial", "StaticTutorial\StaticTutorial.csproj", "{101449DD-D023-4C6D-B5F3-86D82A440C1D}"
EndProject
Global
	GlobalSection(SolutionConfigurationPlatforms) = preSolution
		Debug|Any CPU = Debug|Any CPU
		Release|Any CPU = Release|Any CPU
	EndGlobalSection
	GlobalSection(ProjectConfigurationPlatforms) = postSolution
		{101449DD-D023-4C6D-B5F3-86D82A440C1D}.Debug|Any CPU.ActiveCfg = Debug|Any CPU
		{101449DD-D023-4C6D-B5F3-86D82A440C1D}.Debug|Any CPU.Build.0 = Debug|Any CPU
		{101449DD-D023-4C6D-B5F3-86D82A440C1D}.Release|Any CPU.ActiveCfg = Release|Any CPU
		{101449DD-D023-4C6D-B5F3-86D82A440C1D}.Release|Any CPU.Build.0 = Release|Any CPU
	EndGlobalSection
	GlobalSection(SolutionProperties) = preSolution
		HideSolutionNode = FALSE
	EndGlobalSection
	GlobalSection(ExtensibilityGlobals) = postSolution
		SolutionGuid = {135DC993-4F41-48DC-AE15-2A3CAE878D2A}
	EndGlobalSection
EndGlobal
