
Microsoft Visual Studio Solution File, Format Version 12.00
# Visual Studio Version 16
VisualStudioVersion = 16.0.31702.278
MinimumVisualStudioVersion = 10.0.40219.1
Project("{FAE04EC0-301F-11D3-BF4B-00C04F79EFBC}") = "ClassIntro", "ClassIntro\ClassIntro.csproj", "{CCEC1218-BD55-4ADB-8E7C-7201FE57E229}"
EndProject
Global
	GlobalSection(SolutionConfigurationPlatforms) = preSolution
		Debug|Any CPU = Debug|Any CPU
		Release|Any CPU = Release|Any CPU
	EndGlobalSection
	GlobalSection(ProjectConfigurationPlatforms) = postSolution
		{CCEC1218-BD55-4ADB-8E7C-7201FE57E229}.Debug|Any CPU.ActiveCfg = Debug|Any CPU
		{CCEC1218-BD55-4ADB-8E7C-7201FE57E229}.Debug|Any CPU.Build.0 = Debug|Any CPU
		{CCEC1218-BD55-4ADB-8E7C-7201FE57E229}.Release|Any CPU.ActiveCfg = Release|Any CPU
		{CCEC1218-BD55-4ADB-8E7C-7201FE57E229}.Release|Any CPU.Build.0 = Release|Any CPU
	EndGlobalSection
	GlobalSection(SolutionProperties) = preSolution
		HideSolutionNode = FALSE
	EndGlobalSection
	GlobalSection(ExtensibilityGlobals) = postSolution
		SolutionGuid = {312833E2-1EA0-41AB-97AB-CAE7C5FC11FB}
	EndGlobalSection
EndGlobal
