
Microsoft Visual Studio Solution File, Format Version 12.00
# Visual Studio Version 16
VisualStudioVersion = 16.0.31702.278
MinimumVisualStudioVersion = 10.0.40219.1
Project("{FAE04EC0-301F-11D3-BF4B-00C04F79EFBC}") = "ListsOfObjects", "ListsOfObjects\ListsOfObjects.csproj", "{83EEA34B-6BA8-4C84-8680-F56625C8CB32}"
EndProject
Global
	GlobalSection(SolutionConfigurationPlatforms) = preSolution
		Debug|Any CPU = Debug|Any CPU
		Release|Any CPU = Release|Any CPU
	EndGlobalSection
	GlobalSection(ProjectConfigurationPlatforms) = postSolution
		{83EEA34B-6BA8-4C84-8680-F56625C8CB32}.Debug|Any CPU.ActiveCfg = Debug|Any CPU
		{83EEA34B-6BA8-4C84-8680-F56625C8CB32}.Debug|Any CPU.Build.0 = Debug|Any CPU
		{83EEA34B-6BA8-4C84-8680-F56625C8CB32}.Release|Any CPU.ActiveCfg = Release|Any CPU
		{83EEA34B-6BA8-4C84-8680-F56625C8CB32}.Release|Any CPU.Build.0 = Release|Any CPU
	EndGlobalSection
	GlobalSection(SolutionProperties) = preSolution
		HideSolutionNode = FALSE
	EndGlobalSection
	GlobalSection(ExtensibilityGlobals) = postSolution
		SolutionGuid = {97CCFB27-8C80-482E-8BA0-CA452FD12D42}
	EndGlobalSection
EndGlobal
