
Microsoft Visual Studio Solution File, Format Version 12.00
# Visual Studio Version 16
VisualStudioVersion = 16.0.31702.278
MinimumVisualStudioVersion = 10.0.40219.1
Project("{FAE04EC0-301F-11D3-BF4B-00C04F79EFBC}") = "TypeCasting", "TypeCasting\TypeCasting.csproj", "{C988C3D2-0DB4-4F8D-BF76-57F8A706B63D}"
EndProject
Global
	GlobalSection(SolutionConfigurationPlatforms) = preSolution
		Debug|Any CPU = Debug|Any CPU
		Release|Any CPU = Release|Any CPU
	EndGlobalSection
	GlobalSection(ProjectConfigurationPlatforms) = postSolution
		{C988C3D2-0DB4-4F8D-BF76-57F8A706B63D}.Debug|Any CPU.ActiveCfg = Debug|Any CPU
		{C988C3D2-0DB4-4F8D-BF76-57F8A706B63D}.Debug|Any CPU.Build.0 = Debug|Any CPU
		{C988C3D2-0DB4-4F8D-BF76-57F8A706B63D}.Release|Any CPU.ActiveCfg = Release|Any CPU
		{C988C3D2-0DB4-4F8D-BF76-57F8A706B63D}.Release|Any CPU.Build.0 = Release|Any CPU
	EndGlobalSection
	GlobalSection(SolutionProperties) = preSolution
		HideSolutionNode = FALSE
	EndGlobalSection
	GlobalSection(ExtensibilityGlobals) = postSolution
		SolutionGuid = {2F0B7572-1683-4019-82E0-1E0126E0BDC1}
	EndGlobalSection
EndGlobal
