
Microsoft Visual Studio Solution File, Format Version 12.00
# Visual Studio Version 16
VisualStudioVersion = 16.0.31702.278
MinimumVisualStudioVersion = 10.0.40219.1
Project("{FAE04EC0-301F-11D3-BF4B-00C04F79EFBC}") = "GenericTutorial", "GenericTutorial\GenericTutorial.csproj", "{4F2EFEC5-B66C-4BA6-B9C5-A33C1B12E6CD}"
EndProject
Global
	GlobalSection(SolutionConfigurationPlatforms) = preSolution
		Debug|Any CPU = Debug|Any CPU
		Release|Any CPU = Release|Any CPU
	EndGlobalSection
	GlobalSection(ProjectConfigurationPlatforms) = postSolution
		{4F2EFEC5-B66C-4BA6-B9C5-A33C1B12E6CD}.Debug|Any CPU.ActiveCfg = Debug|Any CPU
		{4F2EFEC5-B66C-4BA6-B9C5-A33C1B12E6CD}.Debug|Any CPU.Build.0 = Debug|Any CPU
		{4F2EFEC5-B66C-4BA6-B9C5-A33C1B12E6CD}.Release|Any CPU.ActiveCfg = Release|Any CPU
		{4F2EFEC5-B66C-4BA6-B9C5-A33C1B12E6CD}.Release|Any CPU.Build.0 = Release|Any CPU
	EndGlobalSection
	GlobalSection(SolutionProperties) = preSolution
		HideSolutionNode = FALSE
	EndGlobalSection
	GlobalSection(ExtensibilityGlobals) = postSolution
		SolutionGuid = {B584E561-F735-4D02-A2B7-98B958FBCA64}
	EndGlobalSection
EndGlobal
